
Microsoft Visual Studio Solution File, Format Version 12.00
# Visual Studio Version 16
VisualStudioVersion = 16.0.30011.22
MinimumVisualStudioVersion = 10.0.40219.1
Project("{FAE04EC0-301F-11D3-BF4B-00C04F79EFBC}") = "GW_INSTEK_PSW_Series_Programmable_DC_Power Supply", "GW_INSTEK_PSW_Series_Programmable_DC_Power Supply\GW_INSTEK_PSW_Series_Programmable_DC_Power Supply.csproj", "{031E46CE-E212-4369-9FD4-3AE6CC994341}"
EndProject
Global
	GlobalSection(SolutionConfigurationPlatforms) = preSolution
		Debug|Any CPU = Debug|Any CPU
		Release|Any CPU = Release|Any CPU
	EndGlobalSection
	GlobalSection(ProjectConfigurationPlatforms) = postSolution
		{031E46CE-E212-4369-9FD4-3AE6CC994341}.Debug|Any CPU.ActiveCfg = Debug|Any CPU
		{031E46CE-E212-4369-9FD4-3AE6CC994341}.Debug|Any CPU.Build.0 = Debug|Any CPU
		{031E46CE-E212-4369-9FD4-3AE6CC994341}.Release|Any CPU.ActiveCfg = Release|Any CPU
		{031E46CE-E212-4369-9FD4-3AE6CC994341}.Release|Any CPU.Build.0 = Release|Any CPU
	EndGlobalSection
	GlobalSection(SolutionProperties) = preSolution
		HideSolutionNode = FALSE
	EndGlobalSection
	GlobalSection(ExtensibilityGlobals) = postSolution
		SolutionGuid = {ACA98685-65ED-4C6A-ABE0-E1644B3AD17A}
	EndGlobalSection
EndGlobal
